
Microsoft Visual Studio Solution File, Format Version 12.00
# Visual Studio Version 16
VisualStudioVersion = 16.0.29509.3
MinimumVisualStudioVersion = 10.0.40219.1
Project("{2150E333-8FDC-42A3-9474-1A3956D46DE8}") = "CleanArchCore.Application", "CleanArchCore.Application", "{F4CF5EFD-230D-4906-85A4-65B577C4F17E}"
EndProject
Project("{2150E333-8FDC-42A3-9474-1A3956D46DE8}") = "CleanArchCore.Domain", "CleanArchCore.Domain", "{7CA9A554-7A84-49A5-9DF1-591EBA33727E}"
EndProject
Project("{2150E333-8FDC-42A3-9474-1A3956D46DE8}") = "CleanArchCore.Infra.IoC", "CleanArchCore.Infra.IoC", "{7CBCC47F-06F8-4D4D-933F-7CD51D228507}"
EndProject
Project("{2150E333-8FDC-42A3-9474-1A3956D46DE8}") = "CleanArchCore.Infra.Data", "CleanArchCore.Infra.Data", "{507DBE12-7C01-4DAB-A357-7A9157420F0A}"
EndProject
Project("{2150E333-8FDC-42A3-9474-1A3956D46DE8}") = "CleanArchCore.UI.MVC", "CleanArchCore.UI.MVC", "{EC513022-3E77-497A-B253-047E7173D934}"
EndProject
Project("{FAE04EC0-301F-11D3-BF4B-00C04F79EFBC}") = "CleanArchCore.MVC", "CleanArchCore.MVC\CleanArchCore.MVC.csproj", "{7DE94EA8-37EA-4CCD-9E7B-3674F38F8AC6}"
EndProject
Global
	GlobalSection(SolutionConfigurationPlatforms) = preSolution
		Debug|Any CPU = Debug|Any CPU
		Release|Any CPU = Release|Any CPU
	EndGlobalSection
	GlobalSection(ProjectConfigurationPlatforms) = postSolution
		{7DE94EA8-37EA-4CCD-9E7B-3674F38F8AC6}.Debug|Any CPU.ActiveCfg = Debug|Any CPU
		{7DE94EA8-37EA-4CCD-9E7B-3674F38F8AC6}.Debug|Any CPU.Build.0 = Debug|Any CPU
		{7DE94EA8-37EA-4CCD-9E7B-3674F38F8AC6}.Release|Any CPU.ActiveCfg = Release|Any CPU
		{7DE94EA8-37EA-4CCD-9E7B-3674F38F8AC6}.Release|Any CPU.Build.0 = Release|Any CPU
	EndGlobalSection
	GlobalSection(SolutionProperties) = preSolution
		HideSolutionNode = FALSE
	EndGlobalSection
	GlobalSection(NestedProjects) = preSolution
		{7DE94EA8-37EA-4CCD-9E7B-3674F38F8AC6} = {EC513022-3E77-497A-B253-047E7173D934}
	EndGlobalSection
	GlobalSection(ExtensibilityGlobals) = postSolution
		SolutionGuid = {F9BFA47E-B0CC-43F2-8BE3-3AB1F0E06934}
	EndGlobalSection
EndGlobal
